
Microsoft Visual Studio Solution File, Format Version 12.00
# Visual Studio 15
VisualStudioVersion = 15.0.27428.2027
MinimumVisualStudioVersion = 10.0.40219.1
Project("{9A19103F-16F7-4668-BE54-9A1E7A4F7556}") = "P03_BarraksWars", "P03_BarraksWars.csproj", "{7A078BB5-E9D8-4C6F-A7F2-6EB52FE9F0EB}"
EndProject
Global
	GlobalSection(SolutionConfigurationPlatforms) = preSolution
		Debug|Any CPU = Debug|Any CPU
		Release|Any CPU = Release|Any CPU
	EndGlobalSection
	GlobalSection(ProjectConfigurationPlatforms) = postSolution
		{7A078BB5-E9D8-4C6F-A7F2-6EB52FE9F0EB}.Debug|Any CPU.ActiveCfg = Debug|Any CPU
		{7A078BB5-E9D8-4C6F-A7F2-6EB52FE9F0EB}.Debug|Any CPU.Build.0 = Debug|Any CPU
		{7A078BB5-E9D8-4C6F-A7F2-6EB52FE9F0EB}.Release|Any CPU.ActiveCfg = Release|Any CPU
		{7A078BB5-E9D8-4C6F-A7F2-6EB52FE9F0EB}.Release|Any CPU.Build.0 = Release|Any CPU
	EndGlobalSection
	GlobalSection(SolutionProperties) = preSolution
		HideSolutionNode = FALSE
	EndGlobalSection
	GlobalSection(ExtensibilityGlobals) = postSolution
		SolutionGuid = {298FFED7-D0B5-4E90-AF30-22F6890297A3}
	EndGlobalSection
EndGlobal
