
Microsoft Visual Studio Solution File, Format Version 12.00
# Visual Studio 15
VisualStudioVersion = 15.0.27130.2036
MinimumVisualStudioVersion = 10.0.40219.1
Project("{9A19103F-16F7-4668-BE54-9A1E7A4F7556}") = "p01.Shapes", "p01.Shapes\p01.Shapes.csproj", "{5FC811C6-341C-451E-BFF5-0D133BF8AAE6}"
EndProject
Project("{9A19103F-16F7-4668-BE54-9A1E7A4F7556}") = "p02.Cars", "p02.Cars\p02.Cars.csproj", "{1644EEE4-3EFC-4693-9A6A-70FDD745AE71}"
EndProject
Project("{FAE04EC0-301F-11D3-BF4B-00C04F79EFBC}") = "p00.Intro", "p00.Intro\p00.Intro.csproj", "{CFA93A11-34FB-476E-B06B-3B44BE626398}"
EndProject
Global
	GlobalSection(SolutionConfigurationPlatforms) = preSolution
		Debug|Any CPU = Debug|Any CPU
		Release|Any CPU = Release|Any CPU
	EndGlobalSection
	GlobalSection(ProjectConfigurationPlatforms) = postSolution
		{5FC811C6-341C-451E-BFF5-0D133BF8AAE6}.Debug|Any CPU.ActiveCfg = Debug|Any CPU
		{5FC811C6-341C-451E-BFF5-0D133BF8AAE6}.Debug|Any CPU.Build.0 = Debug|Any CPU
		{5FC811C6-341C-451E-BFF5-0D133BF8AAE6}.Release|Any CPU.ActiveCfg = Release|Any CPU
		{5FC811C6-341C-451E-BFF5-0D133BF8AAE6}.Release|Any CPU.Build.0 = Release|Any CPU
		{1644EEE4-3EFC-4693-9A6A-70FDD745AE71}.Debug|Any CPU.ActiveCfg = Debug|Any CPU
		{1644EEE4-3EFC-4693-9A6A-70FDD745AE71}.Debug|Any CPU.Build.0 = Debug|Any CPU
		{1644EEE4-3EFC-4693-9A6A-70FDD745AE71}.Release|Any CPU.ActiveCfg = Release|Any CPU
		{1644EEE4-3EFC-4693-9A6A-70FDD745AE71}.Release|Any CPU.Build.0 = Release|Any CPU
		{CFA93A11-34FB-476E-B06B-3B44BE626398}.Debug|Any CPU.ActiveCfg = Debug|Any CPU
		{CFA93A11-34FB-476E-B06B-3B44BE626398}.Debug|Any CPU.Build.0 = Debug|Any CPU
		{CFA93A11-34FB-476E-B06B-3B44BE626398}.Release|Any CPU.ActiveCfg = Release|Any CPU
		{CFA93A11-34FB-476E-B06B-3B44BE626398}.Release|Any CPU.Build.0 = Release|Any CPU
	EndGlobalSection
	GlobalSection(SolutionProperties) = preSolution
		HideSolutionNode = FALSE
	EndGlobalSection
	GlobalSection(ExtensibilityGlobals) = postSolution
		SolutionGuid = {091FECCE-A000-4D4C-8F90-D410C07DCBCE}
	EndGlobalSection
EndGlobal
