
Microsoft Visual Studio Solution File, Format Version 12.00
# Visual Studio 14
VisualStudioVersion = 14.0.25420.1
MinimumVisualStudioVersion = 10.0.40219.1
Project("{FAE04EC0-301F-11D3-BF4B-00C04F79EFBC}") = "01. Personal Titles", "01. Personal Titles\01. Personal Titles.csproj", "{956AE346-7A29-4EE5-ABCB-6B79AD542382}"
EndProject
Project("{FAE04EC0-301F-11D3-BF4B-00C04F79EFBC}") = "2. Квартално магазинче", "2. Квартално магазинче\2. Квартално магазинче.csproj", "{E453AC45-A409-4848-86A2-87A70CA0664B}"
EndProject
Project("{FAE04EC0-301F-11D3-BF4B-00C04F79EFBC}") = "3. Точка в правоъгълник", "3. Точка в правоъгълник\3. Точка в правоъгълник.csproj", "{871B5961-1E13-4737-9615-A43B8AC3E018}"
EndProject
Project("{FAE04EC0-301F-11D3-BF4B-00C04F79EFBC}") = "4. Плод или зеленчук", "4. Плод или зеленчук\4. Плод или зеленчук.csproj", "{2C00FB91-15A2-468E-B690-A0C1562EBB8B}"
EndProject
Project("{FAE04EC0-301F-11D3-BF4B-00C04F79EFBC}") = "5. Невалидно число", "5. Невалидно число\5. Невалидно число.csproj", "{A5FBAC08-F8AC-4CAF-A1B4-17D9F427E846}"
EndProject
Project("{FAE04EC0-301F-11D3-BF4B-00C04F79EFBC}") = "6. Точка върху страната на правоъгълник", "6. Точка върху страната на правоъгълник\6. Точка върху страната на правоъгълник.csproj", "{499F86C5-94D0-4FF6-9919-82EDF62C0860}"
EndProject
Project("{FAE04EC0-301F-11D3-BF4B-00C04F79EFBC}") = "7. Магазин за плодове", "7. Магазин за плодове\7. Магазин за плодове.csproj", "{FBC40B6C-BD18-42DC-A925-5C90A52A9172}"
EndProject
Project("{FAE04EC0-301F-11D3-BF4B-00C04F79EFBC}") = "8. Търговски комисионни", "8. Търговски комисионни\8. Търговски комисионни.csproj", "{8ECDCE82-F183-4933-AAA1-14DA086D9450}"
EndProject
Project("{FAE04EC0-301F-11D3-BF4B-00C04F79EFBC}") = "9. Day of Week", "9. Day of Week\9. Day of Week.csproj", "{7890D3CE-975F-4CBD-B453-A0516C9B7958}"
EndProject
Project("{FAE04EC0-301F-11D3-BF4B-00C04F79EFBC}") = "10. Animal Type", "10. Animal Type\10. Animal Type.csproj", "{9FA70171-D726-4AAF-AABE-633ADC205486}"
EndProject
Project("{FAE04EC0-301F-11D3-BF4B-00C04F79EFBC}") = "11. Кино", "11. Кино\11. Кино.csproj", "{0533A4C4-CAAF-4A51-94CC-AB0533555A76}"
EndProject
Project("{FAE04EC0-301F-11D3-BF4B-00C04F79EFBC}") = "12. Волейбол", "12. Волейбол\12. Волейбол.csproj", "{E9AB42E8-0F6E-4796-BBA4-DA869008B685}"
EndProject
Global
	GlobalSection(SolutionConfigurationPlatforms) = preSolution
		Debug|Any CPU = Debug|Any CPU
		Release|Any CPU = Release|Any CPU
	EndGlobalSection
	GlobalSection(ProjectConfigurationPlatforms) = postSolution
		{956AE346-7A29-4EE5-ABCB-6B79AD542382}.Debug|Any CPU.ActiveCfg = Debug|Any CPU
		{956AE346-7A29-4EE5-ABCB-6B79AD542382}.Debug|Any CPU.Build.0 = Debug|Any CPU
		{956AE346-7A29-4EE5-ABCB-6B79AD542382}.Release|Any CPU.ActiveCfg = Release|Any CPU
		{956AE346-7A29-4EE5-ABCB-6B79AD542382}.Release|Any CPU.Build.0 = Release|Any CPU
		{E453AC45-A409-4848-86A2-87A70CA0664B}.Debug|Any CPU.ActiveCfg = Debug|Any CPU
		{E453AC45-A409-4848-86A2-87A70CA0664B}.Debug|Any CPU.Build.0 = Debug|Any CPU
		{E453AC45-A409-4848-86A2-87A70CA0664B}.Release|Any CPU.ActiveCfg = Release|Any CPU
		{E453AC45-A409-4848-86A2-87A70CA0664B}.Release|Any CPU.Build.0 = Release|Any CPU
		{871B5961-1E13-4737-9615-A43B8AC3E018}.Debug|Any CPU.ActiveCfg = Debug|Any CPU
		{871B5961-1E13-4737-9615-A43B8AC3E018}.Debug|Any CPU.Build.0 = Debug|Any CPU
		{871B5961-1E13-4737-9615-A43B8AC3E018}.Release|Any CPU.ActiveCfg = Release|Any CPU
		{871B5961-1E13-4737-9615-A43B8AC3E018}.Release|Any CPU.Build.0 = Release|Any CPU
		{2C00FB91-15A2-468E-B690-A0C1562EBB8B}.Debug|Any CPU.ActiveCfg = Debug|Any CPU
		{2C00FB91-15A2-468E-B690-A0C1562EBB8B}.Debug|Any CPU.Build.0 = Debug|Any CPU
		{2C00FB91-15A2-468E-B690-A0C1562EBB8B}.Release|Any CPU.ActiveCfg = Release|Any CPU
		{2C00FB91-15A2-468E-B690-A0C1562EBB8B}.Release|Any CPU.Build.0 = Release|Any CPU
		{A5FBAC08-F8AC-4CAF-A1B4-17D9F427E846}.Debug|Any CPU.ActiveCfg = Debug|Any CPU
		{A5FBAC08-F8AC-4CAF-A1B4-17D9F427E846}.Debug|Any CPU.Build.0 = Debug|Any CPU
		{A5FBAC08-F8AC-4CAF-A1B4-17D9F427E846}.Release|Any CPU.ActiveCfg = Release|Any CPU
		{A5FBAC08-F8AC-4CAF-A1B4-17D9F427E846}.Release|Any CPU.Build.0 = Release|Any CPU
		{499F86C5-94D0-4FF6-9919-82EDF62C0860}.Debug|Any CPU.ActiveCfg = Debug|Any CPU
		{499F86C5-94D0-4FF6-9919-82EDF62C0860}.Debug|Any CPU.Build.0 = Debug|Any CPU
		{499F86C5-94D0-4FF6-9919-82EDF62C0860}.Release|Any CPU.ActiveCfg = Release|Any CPU
		{499F86C5-94D0-4FF6-9919-82EDF62C0860}.Release|Any CPU.Build.0 = Release|Any CPU
		{FBC40B6C-BD18-42DC-A925-5C90A52A9172}.Debug|Any CPU.ActiveCfg = Debug|Any CPU
		{FBC40B6C-BD18-42DC-A925-5C90A52A9172}.Debug|Any CPU.Build.0 = Debug|Any CPU
		{FBC40B6C-BD18-42DC-A925-5C90A52A9172}.Release|Any CPU.ActiveCfg = Release|Any CPU
		{FBC40B6C-BD18-42DC-A925-5C90A52A9172}.Release|Any CPU.Build.0 = Release|Any CPU
		{8ECDCE82-F183-4933-AAA1-14DA086D9450}.Debug|Any CPU.ActiveCfg = Debug|Any CPU
		{8ECDCE82-F183-4933-AAA1-14DA086D9450}.Debug|Any CPU.Build.0 = Debug|Any CPU
		{8ECDCE82-F183-4933-AAA1-14DA086D9450}.Release|Any CPU.ActiveCfg = Release|Any CPU
		{8ECDCE82-F183-4933-AAA1-14DA086D9450}.Release|Any CPU.Build.0 = Release|Any CPU
		{7890D3CE-975F-4CBD-B453-A0516C9B7958}.Debug|Any CPU.ActiveCfg = Debug|Any CPU
		{7890D3CE-975F-4CBD-B453-A0516C9B7958}.Debug|Any CPU.Build.0 = Debug|Any CPU
		{7890D3CE-975F-4CBD-B453-A0516C9B7958}.Release|Any CPU.ActiveCfg = Release|Any CPU
		{7890D3CE-975F-4CBD-B453-A0516C9B7958}.Release|Any CPU.Build.0 = Release|Any CPU
		{9FA70171-D726-4AAF-AABE-633ADC205486}.Debug|Any CPU.ActiveCfg = Debug|Any CPU
		{9FA70171-D726-4AAF-AABE-633ADC205486}.Debug|Any CPU.Build.0 = Debug|Any CPU
		{9FA70171-D726-4AAF-AABE-633ADC205486}.Release|Any CPU.ActiveCfg = Release|Any CPU
		{9FA70171-D726-4AAF-AABE-633ADC205486}.Release|Any CPU.Build.0 = Release|Any CPU
		{0533A4C4-CAAF-4A51-94CC-AB0533555A76}.Debug|Any CPU.ActiveCfg = Debug|Any CPU
		{0533A4C4-CAAF-4A51-94CC-AB0533555A76}.Debug|Any CPU.Build.0 = Debug|Any CPU
		{0533A4C4-CAAF-4A51-94CC-AB0533555A76}.Release|Any CPU.ActiveCfg = Release|Any CPU
		{0533A4C4-CAAF-4A51-94CC-AB0533555A76}.Release|Any CPU.Build.0 = Release|Any CPU
		{E9AB42E8-0F6E-4796-BBA4-DA869008B685}.Debug|Any CPU.ActiveCfg = Debug|Any CPU
		{E9AB42E8-0F6E-4796-BBA4-DA869008B685}.Debug|Any CPU.Build.0 = Debug|Any CPU
		{E9AB42E8-0F6E-4796-BBA4-DA869008B685}.Release|Any CPU.ActiveCfg = Release|Any CPU
		{E9AB42E8-0F6E-4796-BBA4-DA869008B685}.Release|Any CPU.Build.0 = Release|Any CPU
	EndGlobalSection
	GlobalSection(SolutionProperties) = preSolution
		HideSolutionNode = FALSE
	EndGlobalSection
EndGlobal
