
Microsoft Visual Studio Solution File, Format Version 12.00
# Visual Studio 15
VisualStudioVersion = 15.0.27428.2027
MinimumVisualStudioVersion = 10.0.40219.1
Project("{9A19103F-16F7-4668-BE54-9A1E7A4F7556}") = "P01_HarvestingFields", "P01_HarvestingFields.csproj", "{839ADA40-0472-4D46-B383-5CE382BA5C6E}"
EndProject
Global
	GlobalSection(SolutionConfigurationPlatforms) = preSolution
		Debug|Any CPU = Debug|Any CPU
		Release|Any CPU = Release|Any CPU
	EndGlobalSection
	GlobalSection(ProjectConfigurationPlatforms) = postSolution
		{839ADA40-0472-4D46-B383-5CE382BA5C6E}.Debug|Any CPU.ActiveCfg = Debug|Any CPU
		{839ADA40-0472-4D46-B383-5CE382BA5C6E}.Debug|Any CPU.Build.0 = Debug|Any CPU
		{839ADA40-0472-4D46-B383-5CE382BA5C6E}.Release|Any CPU.ActiveCfg = Release|Any CPU
		{839ADA40-0472-4D46-B383-5CE382BA5C6E}.Release|Any CPU.Build.0 = Release|Any CPU
	EndGlobalSection
	GlobalSection(SolutionProperties) = preSolution
		HideSolutionNode = FALSE
	EndGlobalSection
	GlobalSection(ExtensibilityGlobals) = postSolution
		SolutionGuid = {F9A84698-7A5E-4D0E-AC80-C89155CF293A}
	EndGlobalSection
EndGlobal
