
Microsoft Visual Studio Solution File, Format Version 12.00
# Visual Studio 15
VisualStudioVersion = 15.0.27004.2008
MinimumVisualStudioVersion = 10.0.40219.1
Project("{9A19103F-16F7-4668-BE54-9A1E7A4F7556}") = "P01_HospitalDatabase", "P01_HospitalDatabase\P01_HospitalDatabase.csproj", "{C81E4818-38A4-4EFF-9B50-9EB6F58FE66B}"
EndProject
Project("{9A19103F-16F7-4668-BE54-9A1E7A4F7556}") = "HospitalStartUp", "HospitalStartUp\HospitalStartUp.csproj", "{F4C46CBB-5A6E-4B50-AA48-F758A1751001}"
EndProject
Project("{9A19103F-16F7-4668-BE54-9A1E7A4F7556}") = "HospitalDatabaseInitializer", "HospitalDatabaseInitializer\HospitalDatabaseInitializer.csproj", "{C1AE68B1-C75B-465D-889F-87711B4F6F07}"
EndProject
Project("{FAE04EC0-301F-11D3-BF4B-00C04F79EFBC}") = "P03_SalesDatabase", "P03_SalesDatabase\P03_SalesDatabase.csproj", "{0C8A025A-99C2-458C-BD36-9B5F0FEF0FE7}"
EndProject
Project("{FAE04EC0-301F-11D3-BF4B-00C04F79EFBC}") = "SalesStartUp", "SalesStartUp\SalesStartUp.csproj", "{2A437691-699A-4F9D-B0C5-8EB47B765CE2}"
EndProject
Global
	GlobalSection(SolutionConfigurationPlatforms) = preSolution
		Debug|Any CPU = Debug|Any CPU
		Release|Any CPU = Release|Any CPU
	EndGlobalSection
	GlobalSection(ProjectConfigurationPlatforms) = postSolution
		{C81E4818-38A4-4EFF-9B50-9EB6F58FE66B}.Debug|Any CPU.ActiveCfg = Debug|Any CPU
		{C81E4818-38A4-4EFF-9B50-9EB6F58FE66B}.Debug|Any CPU.Build.0 = Debug|Any CPU
		{C81E4818-38A4-4EFF-9B50-9EB6F58FE66B}.Release|Any CPU.ActiveCfg = Release|Any CPU
		{C81E4818-38A4-4EFF-9B50-9EB6F58FE66B}.Release|Any CPU.Build.0 = Release|Any CPU
		{F4C46CBB-5A6E-4B50-AA48-F758A1751001}.Debug|Any CPU.ActiveCfg = Debug|Any CPU
		{F4C46CBB-5A6E-4B50-AA48-F758A1751001}.Debug|Any CPU.Build.0 = Debug|Any CPU
		{F4C46CBB-5A6E-4B50-AA48-F758A1751001}.Release|Any CPU.ActiveCfg = Release|Any CPU
		{F4C46CBB-5A6E-4B50-AA48-F758A1751001}.Release|Any CPU.Build.0 = Release|Any CPU
		{C1AE68B1-C75B-465D-889F-87711B4F6F07}.Debug|Any CPU.ActiveCfg = Debug|Any CPU
		{C1AE68B1-C75B-465D-889F-87711B4F6F07}.Debug|Any CPU.Build.0 = Debug|Any CPU
		{C1AE68B1-C75B-465D-889F-87711B4F6F07}.Release|Any CPU.ActiveCfg = Release|Any CPU
		{C1AE68B1-C75B-465D-889F-87711B4F6F07}.Release|Any CPU.Build.0 = Release|Any CPU
		{0C8A025A-99C2-458C-BD36-9B5F0FEF0FE7}.Debug|Any CPU.ActiveCfg = Debug|Any CPU
		{0C8A025A-99C2-458C-BD36-9B5F0FEF0FE7}.Debug|Any CPU.Build.0 = Debug|Any CPU
		{0C8A025A-99C2-458C-BD36-9B5F0FEF0FE7}.Release|Any CPU.ActiveCfg = Release|Any CPU
		{0C8A025A-99C2-458C-BD36-9B5F0FEF0FE7}.Release|Any CPU.Build.0 = Release|Any CPU
		{2A437691-699A-4F9D-B0C5-8EB47B765CE2}.Debug|Any CPU.ActiveCfg = Debug|Any CPU
		{2A437691-699A-4F9D-B0C5-8EB47B765CE2}.Debug|Any CPU.Build.0 = Debug|Any CPU
		{2A437691-699A-4F9D-B0C5-8EB47B765CE2}.Release|Any CPU.ActiveCfg = Release|Any CPU
		{2A437691-699A-4F9D-B0C5-8EB47B765CE2}.Release|Any CPU.Build.0 = Release|Any CPU
	EndGlobalSection
	GlobalSection(SolutionProperties) = preSolution
		HideSolutionNode = FALSE
	EndGlobalSection
	GlobalSection(ExtensibilityGlobals) = postSolution
		SolutionGuid = {16FA7F4C-6F85-443D-81C9-285FE44BEBC7}
	EndGlobalSection
EndGlobal
