
Microsoft Visual Studio Solution File, Format Version 12.00
# Visual Studio 14
VisualStudioVersion = 14.0.25420.1
MinimumVisualStudioVersion = 10.0.40219.1
Project("{FAE04EC0-301F-11D3-BF4B-00C04F79EFBC}") = "01.Passed", "01.Passed\01.Passed.csproj", "{4451A16A-BEF2-4616-B189-572612F40183}"
EndProject
Project("{FAE04EC0-301F-11D3-BF4B-00C04F79EFBC}") = "02.Hours", "02.Hours\02.Hours.csproj", "{EC9D3484-D5DA-4540-A3A9-6D12C951CF68}"
EndProject
Project("{FAE04EC0-301F-11D3-BF4B-00C04F79EFBC}") = "03.Months", "03.Months\03.Months.csproj", "{F1E872A3-510B-4BD0-9A77-8E94DEB3CBBD}"
EndProject
Global
	GlobalSection(SolutionConfigurationPlatforms) = preSolution
		Debug|Any CPU = Debug|Any CPU
		Release|Any CPU = Release|Any CPU
	EndGlobalSection
	GlobalSection(ProjectConfigurationPlatforms) = postSolution
		{4451A16A-BEF2-4616-B189-572612F40183}.Debug|Any CPU.ActiveCfg = Debug|Any CPU
		{4451A16A-BEF2-4616-B189-572612F40183}.Debug|Any CPU.Build.0 = Debug|Any CPU
		{4451A16A-BEF2-4616-B189-572612F40183}.Release|Any CPU.ActiveCfg = Release|Any CPU
		{4451A16A-BEF2-4616-B189-572612F40183}.Release|Any CPU.Build.0 = Release|Any CPU
		{EC9D3484-D5DA-4540-A3A9-6D12C951CF68}.Debug|Any CPU.ActiveCfg = Debug|Any CPU
		{EC9D3484-D5DA-4540-A3A9-6D12C951CF68}.Debug|Any CPU.Build.0 = Debug|Any CPU
		{EC9D3484-D5DA-4540-A3A9-6D12C951CF68}.Release|Any CPU.ActiveCfg = Release|Any CPU
		{EC9D3484-D5DA-4540-A3A9-6D12C951CF68}.Release|Any CPU.Build.0 = Release|Any CPU
		{F1E872A3-510B-4BD0-9A77-8E94DEB3CBBD}.Debug|Any CPU.ActiveCfg = Debug|Any CPU
		{F1E872A3-510B-4BD0-9A77-8E94DEB3CBBD}.Debug|Any CPU.Build.0 = Debug|Any CPU
		{F1E872A3-510B-4BD0-9A77-8E94DEB3CBBD}.Release|Any CPU.ActiveCfg = Release|Any CPU
		{F1E872A3-510B-4BD0-9A77-8E94DEB3CBBD}.Release|Any CPU.Build.0 = Release|Any CPU
	EndGlobalSection
	GlobalSection(SolutionProperties) = preSolution
		HideSolutionNode = FALSE
	EndGlobalSection
EndGlobal
