
Microsoft Visual Studio Solution File, Format Version 12.00
# Visual Studio Version 16
VisualStudioVersion = 16.0.31112.23
MinimumVisualStudioVersion = 10.0.40219.1
Project("{FAE04EC0-301F-11D3-BF4B-00C04F79EFBC}") = "Panda", "Panda\Panda.csproj", "{314535EF-DA17-4365-92EC-6BD12279DA62}"
EndProject
Global
	GlobalSection(SolutionConfigurationPlatforms) = preSolution
		Debug|Any CPU = Debug|Any CPU
		Release|Any CPU = Release|Any CPU
	EndGlobalSection
	GlobalSection(ProjectConfigurationPlatforms) = postSolution
		{314535EF-DA17-4365-92EC-6BD12279DA62}.Debug|Any CPU.ActiveCfg = Debug|Any CPU
		{314535EF-DA17-4365-92EC-6BD12279DA62}.Debug|Any CPU.Build.0 = Debug|Any CPU
		{314535EF-DA17-4365-92EC-6BD12279DA62}.Release|Any CPU.ActiveCfg = Release|Any CPU
		{314535EF-DA17-4365-92EC-6BD12279DA62}.Release|Any CPU.Build.0 = Release|Any CPU
	EndGlobalSection
	GlobalSection(SolutionProperties) = preSolution
		HideSolutionNode = FALSE
	EndGlobalSection
	GlobalSection(ExtensibilityGlobals) = postSolution
		SolutionGuid = {6FCA7E0B-EFFF-4D37-926E-C8813D250687}
	EndGlobalSection
EndGlobal
