
Microsoft Visual Studio Solution File, Format Version 12.00
# Visual Studio 14
VisualStudioVersion = 14.0.25420.1
MinimumVisualStudioVersion = 10.0.40219.1
Project("{FAE04EC0-301F-11D3-BF4B-00C04F79EFBC}") = "Рибна Борса", "Рибна Борса\Рибна Борса.csproj", "{4FC18856-E501-4ECF-8577-B06517F0308B}"
EndProject
Project("{FAE04EC0-301F-11D3-BF4B-00C04F79EFBC}") = "Домашни любимци", "Домашни любимци\Домашни любимци.csproj", "{944E671D-65ED-471A-9694-E11373570EF2}"
EndProject
Project("{FAE04EC0-301F-11D3-BF4B-00C04F79EFBC}") = "Ваканция", "Ваканция\Ваканция.csproj", "{89505244-C272-4601-ADB2-DDF9B952D635}"
EndProject
Project("{FAE04EC0-301F-11D3-BF4B-00C04F79EFBC}") = "Кемп СФ", "Кемп СФ\Кемп СФ.csproj", "{B497F407-9229-4EB1-A259-7B8A238D1E80}"
EndProject
Project("{FAE04EC0-301F-11D3-BF4B-00C04F79EFBC}") = "Парички", "Парички\Парички.csproj", "{D1966320-B331-42A9-B89B-29F3F2D27DEF}"
EndProject
Project("{FAE04EC0-301F-11D3-BF4B-00C04F79EFBC}") = "Реколта", "Реколта\Реколта.csproj", "{69A3D765-FF93-40DC-A8A0-1F586BFC752B}"
EndProject
Project("{FAE04EC0-301F-11D3-BF4B-00C04F79EFBC}") = "Билети за мач", "Билети за мач\Билети за мач.csproj", "{D6CB00CF-A20D-477C-B11A-04673807A8A6}"
EndProject
Project("{FAE04EC0-301F-11D3-BF4B-00C04F79EFBC}") = "Завръщане в миналото", "Завръщане в миналото\Завръщане в миналото.csproj", "{AFD66155-B1F4-4FC4-93DF-BC9E8A6BF785}"
EndProject
Project("{FAE04EC0-301F-11D3-BF4B-00C04F79EFBC}") = "Диамант", "Диамант\Диамант.csproj", "{B34005BE-C6AB-4052-A5BA-4BD59D163605}"
EndProject
Project("{FAE04EC0-301F-11D3-BF4B-00C04F79EFBC}") = "Стоп Число", "Стоп Число\Стоп Число.csproj", "{D23CE68C-96F3-494E-ACF7-1D3199E93613}"
EndProject
Global
	GlobalSection(SolutionConfigurationPlatforms) = preSolution
		Debug|Any CPU = Debug|Any CPU
		Release|Any CPU = Release|Any CPU
	EndGlobalSection
	GlobalSection(ProjectConfigurationPlatforms) = postSolution
		{4FC18856-E501-4ECF-8577-B06517F0308B}.Debug|Any CPU.ActiveCfg = Debug|Any CPU
		{4FC18856-E501-4ECF-8577-B06517F0308B}.Debug|Any CPU.Build.0 = Debug|Any CPU
		{4FC18856-E501-4ECF-8577-B06517F0308B}.Release|Any CPU.ActiveCfg = Release|Any CPU
		{4FC18856-E501-4ECF-8577-B06517F0308B}.Release|Any CPU.Build.0 = Release|Any CPU
		{944E671D-65ED-471A-9694-E11373570EF2}.Debug|Any CPU.ActiveCfg = Debug|Any CPU
		{944E671D-65ED-471A-9694-E11373570EF2}.Debug|Any CPU.Build.0 = Debug|Any CPU
		{944E671D-65ED-471A-9694-E11373570EF2}.Release|Any CPU.ActiveCfg = Release|Any CPU
		{944E671D-65ED-471A-9694-E11373570EF2}.Release|Any CPU.Build.0 = Release|Any CPU
		{89505244-C272-4601-ADB2-DDF9B952D635}.Debug|Any CPU.ActiveCfg = Debug|Any CPU
		{89505244-C272-4601-ADB2-DDF9B952D635}.Debug|Any CPU.Build.0 = Debug|Any CPU
		{89505244-C272-4601-ADB2-DDF9B952D635}.Release|Any CPU.ActiveCfg = Release|Any CPU
		{89505244-C272-4601-ADB2-DDF9B952D635}.Release|Any CPU.Build.0 = Release|Any CPU
		{B497F407-9229-4EB1-A259-7B8A238D1E80}.Debug|Any CPU.ActiveCfg = Debug|Any CPU
		{B497F407-9229-4EB1-A259-7B8A238D1E80}.Debug|Any CPU.Build.0 = Debug|Any CPU
		{B497F407-9229-4EB1-A259-7B8A238D1E80}.Release|Any CPU.ActiveCfg = Release|Any CPU
		{B497F407-9229-4EB1-A259-7B8A238D1E80}.Release|Any CPU.Build.0 = Release|Any CPU
		{D1966320-B331-42A9-B89B-29F3F2D27DEF}.Debug|Any CPU.ActiveCfg = Debug|Any CPU
		{D1966320-B331-42A9-B89B-29F3F2D27DEF}.Debug|Any CPU.Build.0 = Debug|Any CPU
		{D1966320-B331-42A9-B89B-29F3F2D27DEF}.Release|Any CPU.ActiveCfg = Release|Any CPU
		{D1966320-B331-42A9-B89B-29F3F2D27DEF}.Release|Any CPU.Build.0 = Release|Any CPU
		{69A3D765-FF93-40DC-A8A0-1F586BFC752B}.Debug|Any CPU.ActiveCfg = Debug|Any CPU
		{69A3D765-FF93-40DC-A8A0-1F586BFC752B}.Debug|Any CPU.Build.0 = Debug|Any CPU
		{69A3D765-FF93-40DC-A8A0-1F586BFC752B}.Release|Any CPU.ActiveCfg = Release|Any CPU
		{69A3D765-FF93-40DC-A8A0-1F586BFC752B}.Release|Any CPU.Build.0 = Release|Any CPU
		{D6CB00CF-A20D-477C-B11A-04673807A8A6}.Debug|Any CPU.ActiveCfg = Debug|Any CPU
		{D6CB00CF-A20D-477C-B11A-04673807A8A6}.Debug|Any CPU.Build.0 = Debug|Any CPU
		{D6CB00CF-A20D-477C-B11A-04673807A8A6}.Release|Any CPU.ActiveCfg = Release|Any CPU
		{D6CB00CF-A20D-477C-B11A-04673807A8A6}.Release|Any CPU.Build.0 = Release|Any CPU
		{AFD66155-B1F4-4FC4-93DF-BC9E8A6BF785}.Debug|Any CPU.ActiveCfg = Debug|Any CPU
		{AFD66155-B1F4-4FC4-93DF-BC9E8A6BF785}.Debug|Any CPU.Build.0 = Debug|Any CPU
		{AFD66155-B1F4-4FC4-93DF-BC9E8A6BF785}.Release|Any CPU.ActiveCfg = Release|Any CPU
		{AFD66155-B1F4-4FC4-93DF-BC9E8A6BF785}.Release|Any CPU.Build.0 = Release|Any CPU
		{B34005BE-C6AB-4052-A5BA-4BD59D163605}.Debug|Any CPU.ActiveCfg = Debug|Any CPU
		{B34005BE-C6AB-4052-A5BA-4BD59D163605}.Debug|Any CPU.Build.0 = Debug|Any CPU
		{B34005BE-C6AB-4052-A5BA-4BD59D163605}.Release|Any CPU.ActiveCfg = Release|Any CPU
		{B34005BE-C6AB-4052-A5BA-4BD59D163605}.Release|Any CPU.Build.0 = Release|Any CPU
		{D23CE68C-96F3-494E-ACF7-1D3199E93613}.Debug|Any CPU.ActiveCfg = Debug|Any CPU
		{D23CE68C-96F3-494E-ACF7-1D3199E93613}.Debug|Any CPU.Build.0 = Debug|Any CPU
		{D23CE68C-96F3-494E-ACF7-1D3199E93613}.Release|Any CPU.ActiveCfg = Release|Any CPU
		{D23CE68C-96F3-494E-ACF7-1D3199E93613}.Release|Any CPU.Build.0 = Release|Any CPU
	EndGlobalSection
	GlobalSection(SolutionProperties) = preSolution
		HideSolutionNode = FALSE
	EndGlobalSection
EndGlobal
