
Microsoft Visual Studio Solution File, Format Version 12.00
# Visual Studio Version 16
VisualStudioVersion = 16.0.31112.23
MinimumVisualStudioVersion = 10.0.40219.1
Project("{FAE04EC0-301F-11D3-BF4B-00C04F79EFBC}") = "FDMC", "FDMC\FDMC.csproj", "{246B3F95-BC16-4C8D-AE2A-AD04634727DF}"
EndProject
Global
	GlobalSection(SolutionConfigurationPlatforms) = preSolution
		Debug|Any CPU = Debug|Any CPU
		Release|Any CPU = Release|Any CPU
	EndGlobalSection
	GlobalSection(ProjectConfigurationPlatforms) = postSolution
		{246B3F95-BC16-4C8D-AE2A-AD04634727DF}.Debug|Any CPU.ActiveCfg = Debug|Any CPU
		{246B3F95-BC16-4C8D-AE2A-AD04634727DF}.Debug|Any CPU.Build.0 = Debug|Any CPU
		{246B3F95-BC16-4C8D-AE2A-AD04634727DF}.Release|Any CPU.ActiveCfg = Release|Any CPU
		{246B3F95-BC16-4C8D-AE2A-AD04634727DF}.Release|Any CPU.Build.0 = Release|Any CPU
	EndGlobalSection
	GlobalSection(SolutionProperties) = preSolution
		HideSolutionNode = FALSE
	EndGlobalSection
	GlobalSection(ExtensibilityGlobals) = postSolution
		SolutionGuid = {2FE1D1AC-8087-4DA7-BC76-2400596FB16B}
	EndGlobalSection
EndGlobal
