
Microsoft Visual Studio Solution File, Format Version 12.00
# Visual Studio 14
VisualStudioVersion = 14.0.25420.1
MinimumVisualStudioVersion = 10.0.40219.1
Project("{FAE04EC0-301F-11D3-BF4B-00C04F79EFBC}") = "упрж 1", "упр 1\упрж 1.csproj", "{5409EB88-2801-4282-BA5E-F304CE7E41AB}"
EndProject
Project("{FAE04EC0-301F-11D3-BF4B-00C04F79EFBC}") = "упрж 2", "упрж 2\упрж 2.csproj", "{0CAC1341-FEB4-4348-9729-B12A29EAD968}"
EndProject
Project("{FAE04EC0-301F-11D3-BF4B-00C04F79EFBC}") = "упрж 3", "упрж 3\упрж 3.csproj", "{68A84C57-4FAA-4B5E-A4B0-B84D7DDD22D4}"
EndProject
Project("{FAE04EC0-301F-11D3-BF4B-00C04F79EFBC}") = "Задача 5 Дебъгване", "Упрж 4\Задача 5 Дебъгване.csproj", "{DB9C61A6-F8AA-4A1B-8C5D-52BE354B5964}"
EndProject
Project("{FAE04EC0-301F-11D3-BF4B-00C04F79EFBC}") = "упрж 5", "упрж 5\упрж 5.csproj", "{B6CD2DBB-D6DD-4518-BC12-9D112F9D5CC4}"
EndProject
Project("{FAE04EC0-301F-11D3-BF4B-00C04F79EFBC}") = "упрж 6 Сантасе", "упрж 6\упрж 6 Сантасе.csproj", "{E15C7757-8EA3-4B8A-B0CF-7AC354355ABD}"
EndProject
Project("{FAE04EC0-301F-11D3-BF4B-00C04F79EFBC}") = "Упрж 7", "Упрж 7\Упрж 7.csproj", "{1AAB0DEB-C1AF-4668-8CDF-915659D5D46D}"
EndProject
Global
	GlobalSection(SolutionConfigurationPlatforms) = preSolution
		Debug|Any CPU = Debug|Any CPU
		Release|Any CPU = Release|Any CPU
	EndGlobalSection
	GlobalSection(ProjectConfigurationPlatforms) = postSolution
		{5409EB88-2801-4282-BA5E-F304CE7E41AB}.Debug|Any CPU.ActiveCfg = Debug|Any CPU
		{5409EB88-2801-4282-BA5E-F304CE7E41AB}.Debug|Any CPU.Build.0 = Debug|Any CPU
		{5409EB88-2801-4282-BA5E-F304CE7E41AB}.Release|Any CPU.ActiveCfg = Release|Any CPU
		{5409EB88-2801-4282-BA5E-F304CE7E41AB}.Release|Any CPU.Build.0 = Release|Any CPU
		{0CAC1341-FEB4-4348-9729-B12A29EAD968}.Debug|Any CPU.ActiveCfg = Debug|Any CPU
		{0CAC1341-FEB4-4348-9729-B12A29EAD968}.Debug|Any CPU.Build.0 = Debug|Any CPU
		{0CAC1341-FEB4-4348-9729-B12A29EAD968}.Release|Any CPU.ActiveCfg = Release|Any CPU
		{0CAC1341-FEB4-4348-9729-B12A29EAD968}.Release|Any CPU.Build.0 = Release|Any CPU
		{68A84C57-4FAA-4B5E-A4B0-B84D7DDD22D4}.Debug|Any CPU.ActiveCfg = Debug|Any CPU
		{68A84C57-4FAA-4B5E-A4B0-B84D7DDD22D4}.Debug|Any CPU.Build.0 = Debug|Any CPU
		{68A84C57-4FAA-4B5E-A4B0-B84D7DDD22D4}.Release|Any CPU.ActiveCfg = Release|Any CPU
		{68A84C57-4FAA-4B5E-A4B0-B84D7DDD22D4}.Release|Any CPU.Build.0 = Release|Any CPU
		{DB9C61A6-F8AA-4A1B-8C5D-52BE354B5964}.Debug|Any CPU.ActiveCfg = Debug|Any CPU
		{DB9C61A6-F8AA-4A1B-8C5D-52BE354B5964}.Debug|Any CPU.Build.0 = Debug|Any CPU
		{DB9C61A6-F8AA-4A1B-8C5D-52BE354B5964}.Release|Any CPU.ActiveCfg = Release|Any CPU
		{DB9C61A6-F8AA-4A1B-8C5D-52BE354B5964}.Release|Any CPU.Build.0 = Release|Any CPU
		{B6CD2DBB-D6DD-4518-BC12-9D112F9D5CC4}.Debug|Any CPU.ActiveCfg = Debug|Any CPU
		{B6CD2DBB-D6DD-4518-BC12-9D112F9D5CC4}.Debug|Any CPU.Build.0 = Debug|Any CPU
		{B6CD2DBB-D6DD-4518-BC12-9D112F9D5CC4}.Release|Any CPU.ActiveCfg = Release|Any CPU
		{B6CD2DBB-D6DD-4518-BC12-9D112F9D5CC4}.Release|Any CPU.Build.0 = Release|Any CPU
		{E15C7757-8EA3-4B8A-B0CF-7AC354355ABD}.Debug|Any CPU.ActiveCfg = Debug|Any CPU
		{E15C7757-8EA3-4B8A-B0CF-7AC354355ABD}.Debug|Any CPU.Build.0 = Debug|Any CPU
		{E15C7757-8EA3-4B8A-B0CF-7AC354355ABD}.Release|Any CPU.ActiveCfg = Release|Any CPU
		{E15C7757-8EA3-4B8A-B0CF-7AC354355ABD}.Release|Any CPU.Build.0 = Release|Any CPU
		{1AAB0DEB-C1AF-4668-8CDF-915659D5D46D}.Debug|Any CPU.ActiveCfg = Debug|Any CPU
		{1AAB0DEB-C1AF-4668-8CDF-915659D5D46D}.Debug|Any CPU.Build.0 = Debug|Any CPU
		{1AAB0DEB-C1AF-4668-8CDF-915659D5D46D}.Release|Any CPU.ActiveCfg = Release|Any CPU
		{1AAB0DEB-C1AF-4668-8CDF-915659D5D46D}.Release|Any CPU.Build.0 = Release|Any CPU
	EndGlobalSection
	GlobalSection(SolutionProperties) = preSolution
		HideSolutionNode = FALSE
	EndGlobalSection
EndGlobal
