
Microsoft Visual Studio Solution File, Format Version 12.00
# Visual Studio 15
VisualStudioVersion = 15.0.27428.2015
MinimumVisualStudioVersion = 10.0.40219.1
Project("{9A19103F-16F7-4668-BE54-9A1E7A4F7556}") = "p01.Intro", "p01.Intro\p01.Intro.csproj", "{BD1A3047-B8AA-4F8F-A104-68449DDCDD82}"
EndProject
Project("{9A19103F-16F7-4668-BE54-9A1E7A4F7556}") = "p0101.Stealer", "p0101.Stealer\p0101.Stealer.csproj", "{9BB98A1E-B8C6-4E63-9FA7-1D0A3CDCE191}"
EndProject
Project("{FAE04EC0-301F-11D3-BF4B-00C04F79EFBC}") = "p00.Test", "p00.Test\p00.Test.csproj", "{09FA958A-8514-4780-975F-D56505EB5351}"
EndProject
Project("{FAE04EC0-301F-11D3-BF4B-00C04F79EFBC}") = "p02.Attributes", "p02.Attributes\p02.Attributes.csproj", "{E6502802-B0A4-4FA1-B883-DB4679E855D2}"
EndProject
Global
	GlobalSection(SolutionConfigurationPlatforms) = preSolution
		Debug|Any CPU = Debug|Any CPU
		Release|Any CPU = Release|Any CPU
	EndGlobalSection
	GlobalSection(ProjectConfigurationPlatforms) = postSolution
		{BD1A3047-B8AA-4F8F-A104-68449DDCDD82}.Debug|Any CPU.ActiveCfg = Debug|Any CPU
		{BD1A3047-B8AA-4F8F-A104-68449DDCDD82}.Debug|Any CPU.Build.0 = Debug|Any CPU
		{BD1A3047-B8AA-4F8F-A104-68449DDCDD82}.Release|Any CPU.ActiveCfg = Release|Any CPU
		{BD1A3047-B8AA-4F8F-A104-68449DDCDD82}.Release|Any CPU.Build.0 = Release|Any CPU
		{9BB98A1E-B8C6-4E63-9FA7-1D0A3CDCE191}.Debug|Any CPU.ActiveCfg = Debug|Any CPU
		{9BB98A1E-B8C6-4E63-9FA7-1D0A3CDCE191}.Debug|Any CPU.Build.0 = Debug|Any CPU
		{9BB98A1E-B8C6-4E63-9FA7-1D0A3CDCE191}.Release|Any CPU.ActiveCfg = Release|Any CPU
		{9BB98A1E-B8C6-4E63-9FA7-1D0A3CDCE191}.Release|Any CPU.Build.0 = Release|Any CPU
		{09FA958A-8514-4780-975F-D56505EB5351}.Debug|Any CPU.ActiveCfg = Debug|Any CPU
		{09FA958A-8514-4780-975F-D56505EB5351}.Debug|Any CPU.Build.0 = Debug|Any CPU
		{09FA958A-8514-4780-975F-D56505EB5351}.Release|Any CPU.ActiveCfg = Release|Any CPU
		{09FA958A-8514-4780-975F-D56505EB5351}.Release|Any CPU.Build.0 = Release|Any CPU
		{E6502802-B0A4-4FA1-B883-DB4679E855D2}.Debug|Any CPU.ActiveCfg = Debug|Any CPU
		{E6502802-B0A4-4FA1-B883-DB4679E855D2}.Debug|Any CPU.Build.0 = Debug|Any CPU
		{E6502802-B0A4-4FA1-B883-DB4679E855D2}.Release|Any CPU.ActiveCfg = Release|Any CPU
		{E6502802-B0A4-4FA1-B883-DB4679E855D2}.Release|Any CPU.Build.0 = Release|Any CPU
	EndGlobalSection
	GlobalSection(SolutionProperties) = preSolution
		HideSolutionNode = FALSE
	EndGlobalSection
	GlobalSection(ExtensibilityGlobals) = postSolution
		SolutionGuid = {B71DB75E-15DF-4A58-AC7B-A723CFE74020}
	EndGlobalSection
EndGlobal
