
Microsoft Visual Studio Solution File, Format Version 12.00
# Visual Studio 15
VisualStudioVersion = 15.0.27428.2037
MinimumVisualStudioVersion = 10.0.40219.1
Project("{9A19103F-16F7-4668-BE54-9A1E7A4F7556}") = "p01.Database", "p01.Database\p01.Database.csproj", "{3C62514B-2B4A-4376-9058-51B420CAEEAF}"
EndProject
Project("{9A19103F-16F7-4668-BE54-9A1E7A4F7556}") = "UnitTets", "UnitTets\UnitTets.csproj", "{86F0C5C6-92D2-4433-A8D9-1EEF79638159}"
EndProject
Project("{FAE04EC0-301F-11D3-BF4B-00C04F79EFBC}") = "p02.ExtendedDatabase", "p02.ExtendedDatabase\p02.ExtendedDatabase.csproj", "{AF1F33CB-2724-4AFB-B4D3-7CE84B4C8680}"
EndProject
Global
	GlobalSection(SolutionConfigurationPlatforms) = preSolution
		Debug|Any CPU = Debug|Any CPU
		Release|Any CPU = Release|Any CPU
	EndGlobalSection
	GlobalSection(ProjectConfigurationPlatforms) = postSolution
		{3C62514B-2B4A-4376-9058-51B420CAEEAF}.Debug|Any CPU.ActiveCfg = Debug|Any CPU
		{3C62514B-2B4A-4376-9058-51B420CAEEAF}.Debug|Any CPU.Build.0 = Debug|Any CPU
		{3C62514B-2B4A-4376-9058-51B420CAEEAF}.Release|Any CPU.ActiveCfg = Release|Any CPU
		{3C62514B-2B4A-4376-9058-51B420CAEEAF}.Release|Any CPU.Build.0 = Release|Any CPU
		{86F0C5C6-92D2-4433-A8D9-1EEF79638159}.Debug|Any CPU.ActiveCfg = Debug|Any CPU
		{86F0C5C6-92D2-4433-A8D9-1EEF79638159}.Debug|Any CPU.Build.0 = Debug|Any CPU
		{86F0C5C6-92D2-4433-A8D9-1EEF79638159}.Release|Any CPU.ActiveCfg = Release|Any CPU
		{86F0C5C6-92D2-4433-A8D9-1EEF79638159}.Release|Any CPU.Build.0 = Release|Any CPU
		{AF1F33CB-2724-4AFB-B4D3-7CE84B4C8680}.Debug|Any CPU.ActiveCfg = Debug|Any CPU
		{AF1F33CB-2724-4AFB-B4D3-7CE84B4C8680}.Debug|Any CPU.Build.0 = Debug|Any CPU
		{AF1F33CB-2724-4AFB-B4D3-7CE84B4C8680}.Release|Any CPU.ActiveCfg = Release|Any CPU
		{AF1F33CB-2724-4AFB-B4D3-7CE84B4C8680}.Release|Any CPU.Build.0 = Release|Any CPU
	EndGlobalSection
	GlobalSection(SolutionProperties) = preSolution
		HideSolutionNode = FALSE
	EndGlobalSection
	GlobalSection(ExtensibilityGlobals) = postSolution
		SolutionGuid = {3F5F1624-D247-4A3E-BDCB-A6B46C2E00B4}
	EndGlobalSection
EndGlobal
