
Microsoft Visual Studio Solution File, Format Version 12.00
# Visual Studio 15
VisualStudioVersion = 15.0.27130.2036
MinimumVisualStudioVersion = 10.0.40219.1
Project("{9A19103F-16F7-4668-BE54-9A1E7A4F7556}") = "p01.Persons", "p01.Persons\p01.Persons.csproj", "{CCB56FE6-D389-46E9-943A-4A569EC8078C}"
EndProject
Project("{FAE04EC0-301F-11D3-BF4B-00C04F79EFBC}") = "p0101.SortPeople", "p0101.SortPeople\p0101.SortPeople.csproj", "{7459D066-6BE3-4228-8EAB-3F52D89A7B88}"
EndProject
Global
	GlobalSection(SolutionConfigurationPlatforms) = preSolution
		Debug|Any CPU = Debug|Any CPU
		Release|Any CPU = Release|Any CPU
	EndGlobalSection
	GlobalSection(ProjectConfigurationPlatforms) = postSolution
		{CCB56FE6-D389-46E9-943A-4A569EC8078C}.Debug|Any CPU.ActiveCfg = Debug|Any CPU
		{CCB56FE6-D389-46E9-943A-4A569EC8078C}.Debug|Any CPU.Build.0 = Debug|Any CPU
		{CCB56FE6-D389-46E9-943A-4A569EC8078C}.Release|Any CPU.ActiveCfg = Release|Any CPU
		{CCB56FE6-D389-46E9-943A-4A569EC8078C}.Release|Any CPU.Build.0 = Release|Any CPU
		{7459D066-6BE3-4228-8EAB-3F52D89A7B88}.Debug|Any CPU.ActiveCfg = Debug|Any CPU
		{7459D066-6BE3-4228-8EAB-3F52D89A7B88}.Debug|Any CPU.Build.0 = Debug|Any CPU
		{7459D066-6BE3-4228-8EAB-3F52D89A7B88}.Release|Any CPU.ActiveCfg = Release|Any CPU
		{7459D066-6BE3-4228-8EAB-3F52D89A7B88}.Release|Any CPU.Build.0 = Release|Any CPU
	EndGlobalSection
	GlobalSection(SolutionProperties) = preSolution
		HideSolutionNode = FALSE
	EndGlobalSection
	GlobalSection(ExtensibilityGlobals) = postSolution
		SolutionGuid = {EF8EB776-136D-42BC-AB43-0825451921F5}
	EndGlobalSection
EndGlobal
