
Microsoft Visual Studio Solution File, Format Version 12.00
# Visual Studio 15
VisualStudioVersion = 15.0.27428.2005
MinimumVisualStudioVersion = 10.0.40219.1
Project("{FAE04EC0-301F-11D3-BF4B-00C04F79EFBC}") = "p01.Intro", "p01.Intro\p01.Intro.csproj", "{40E39C2C-590A-4340-BAFB-E4E3A4D2BA30}"
EndProject
Global
	GlobalSection(SolutionConfigurationPlatforms) = preSolution
		Debug|Any CPU = Debug|Any CPU
		Release|Any CPU = Release|Any CPU
	EndGlobalSection
	GlobalSection(ProjectConfigurationPlatforms) = postSolution
		{40E39C2C-590A-4340-BAFB-E4E3A4D2BA30}.Debug|Any CPU.ActiveCfg = Debug|Any CPU
		{40E39C2C-590A-4340-BAFB-E4E3A4D2BA30}.Debug|Any CPU.Build.0 = Debug|Any CPU
		{40E39C2C-590A-4340-BAFB-E4E3A4D2BA30}.Release|Any CPU.ActiveCfg = Release|Any CPU
		{40E39C2C-590A-4340-BAFB-E4E3A4D2BA30}.Release|Any CPU.Build.0 = Release|Any CPU
	EndGlobalSection
	GlobalSection(SolutionProperties) = preSolution
		HideSolutionNode = FALSE
	EndGlobalSection
	GlobalSection(ExtensibilityGlobals) = postSolution
		SolutionGuid = {5B1CC6FA-96DF-4B4E-8615-74184183B85D}
	EndGlobalSection
EndGlobal
