
Microsoft Visual Studio Solution File, Format Version 12.00
# Visual Studio 15
VisualStudioVersion = 15.0.27130.2026
MinimumVisualStudioVersion = 10.0.40219.1
Project("{FAE04EC0-301F-11D3-BF4B-00C04F79EFBC}") = "01.OddLines", "01.OddLines\01.OddLines.csproj", "{2F96FAF4-DAA2-4798-A489-FD6286C6ABD7}"
EndProject
Project("{FAE04EC0-301F-11D3-BF4B-00C04F79EFBC}") = "02.LineNumbers", "02.LineNumbers\02.LineNumbers.csproj", "{4DEFFB78-E7D0-4727-92E1-6AE4EE0319F5}"
EndProject
Project("{FAE04EC0-301F-11D3-BF4B-00C04F79EFBC}") = "03.WordCount", "03.WordCount\03.WordCount.csproj", "{4157EA53-D47E-41B4-9B9A-74A0E1F08B9E}"
EndProject
Project("{FAE04EC0-301F-11D3-BF4B-00C04F79EFBC}") = "04.CopyBinaryFile", "04.CopyBinaryFile\04.CopyBinaryFile.csproj", "{5CE71A52-C5BA-47BE-91EC-90F78A73E9B0}"
EndProject
Global
	GlobalSection(SolutionConfigurationPlatforms) = preSolution
		Debug|Any CPU = Debug|Any CPU
		Release|Any CPU = Release|Any CPU
	EndGlobalSection
	GlobalSection(ProjectConfigurationPlatforms) = postSolution
		{2F96FAF4-DAA2-4798-A489-FD6286C6ABD7}.Debug|Any CPU.ActiveCfg = Debug|Any CPU
		{2F96FAF4-DAA2-4798-A489-FD6286C6ABD7}.Debug|Any CPU.Build.0 = Debug|Any CPU
		{2F96FAF4-DAA2-4798-A489-FD6286C6ABD7}.Release|Any CPU.ActiveCfg = Release|Any CPU
		{2F96FAF4-DAA2-4798-A489-FD6286C6ABD7}.Release|Any CPU.Build.0 = Release|Any CPU
		{4DEFFB78-E7D0-4727-92E1-6AE4EE0319F5}.Debug|Any CPU.ActiveCfg = Debug|Any CPU
		{4DEFFB78-E7D0-4727-92E1-6AE4EE0319F5}.Debug|Any CPU.Build.0 = Debug|Any CPU
		{4DEFFB78-E7D0-4727-92E1-6AE4EE0319F5}.Release|Any CPU.ActiveCfg = Release|Any CPU
		{4DEFFB78-E7D0-4727-92E1-6AE4EE0319F5}.Release|Any CPU.Build.0 = Release|Any CPU
		{4157EA53-D47E-41B4-9B9A-74A0E1F08B9E}.Debug|Any CPU.ActiveCfg = Debug|Any CPU
		{4157EA53-D47E-41B4-9B9A-74A0E1F08B9E}.Debug|Any CPU.Build.0 = Debug|Any CPU
		{4157EA53-D47E-41B4-9B9A-74A0E1F08B9E}.Release|Any CPU.ActiveCfg = Release|Any CPU
		{4157EA53-D47E-41B4-9B9A-74A0E1F08B9E}.Release|Any CPU.Build.0 = Release|Any CPU
		{5CE71A52-C5BA-47BE-91EC-90F78A73E9B0}.Debug|Any CPU.ActiveCfg = Debug|Any CPU
		{5CE71A52-C5BA-47BE-91EC-90F78A73E9B0}.Debug|Any CPU.Build.0 = Debug|Any CPU
		{5CE71A52-C5BA-47BE-91EC-90F78A73E9B0}.Release|Any CPU.ActiveCfg = Release|Any CPU
		{5CE71A52-C5BA-47BE-91EC-90F78A73E9B0}.Release|Any CPU.Build.0 = Release|Any CPU
	EndGlobalSection
	GlobalSection(SolutionProperties) = preSolution
		HideSolutionNode = FALSE
	EndGlobalSection
	GlobalSection(ExtensibilityGlobals) = postSolution
		SolutionGuid = {9064846C-73EF-4FD1-B5BA-64C0C4AE0FD6}
	EndGlobalSection
EndGlobal
