
Microsoft Visual Studio Solution File, Format Version 12.00
# Visual Studio 14
VisualStudioVersion = 14.0.25420.1
MinimumVisualStudioVersion = 10.0.40219.1
Project("{FAE04EC0-301F-11D3-BF4B-00C04F79EFBC}") = "Чертане на крепост", "Чертане на крепост\Чертане на крепост.csproj", "{06C7B488-0267-43ED-8C45-D65D14E18E95}"
EndProject
Global
	GlobalSection(SolutionConfigurationPlatforms) = preSolution
		Debug|Any CPU = Debug|Any CPU
		Release|Any CPU = Release|Any CPU
	EndGlobalSection
	GlobalSection(ProjectConfigurationPlatforms) = postSolution
		{06C7B488-0267-43ED-8C45-D65D14E18E95}.Debug|Any CPU.ActiveCfg = Debug|Any CPU
		{06C7B488-0267-43ED-8C45-D65D14E18E95}.Debug|Any CPU.Build.0 = Debug|Any CPU
		{06C7B488-0267-43ED-8C45-D65D14E18E95}.Release|Any CPU.ActiveCfg = Release|Any CPU
		{06C7B488-0267-43ED-8C45-D65D14E18E95}.Release|Any CPU.Build.0 = Release|Any CPU
	EndGlobalSection
	GlobalSection(SolutionProperties) = preSolution
		HideSolutionNode = FALSE
	EndGlobalSection
EndGlobal
