
Microsoft Visual Studio Solution File, Format Version 12.00
# Visual Studio 14
VisualStudioVersion = 14.0.23107.0
MinimumVisualStudioVersion = 10.0.40219.1
Project("{FAE04EC0-301F-11D3-BF4B-00C04F79EFBC}") = "06. Prime Checker", "MethodsANDDebugging\06. Prime Checker.csproj", "{C6F56A8A-C3EF-499E-B3CA-C41947CE5587}"
EndProject
Project("{FAE04EC0-301F-11D3-BF4B-00C04F79EFBC}") = "07. Primes in Given Range", "07. Primes in Given Range\07. Primes in Given Range.csproj", "{EE1C012E-E1A1-4B99-B7C2-F6789B79909E}"
EndProject
Project("{FAE04EC0-301F-11D3-BF4B-00C04F79EFBC}") = "09. Longer Line", "09. Longer Line\09. Longer Line.csproj", "{12BBE9E0-C68A-4D8B-ABDC-06AFF529B85A}"
EndProject
Project("{FAE04EC0-301F-11D3-BF4B-00C04F79EFBC}") = "08. Center Point", "08. Center Point\08. Center Point.csproj", "{55965CF0-2A44-4FA3-8B80-9E247FA5C44B}"
EndProject
Project("{FAE04EC0-301F-11D3-BF4B-00C04F79EFBC}") = "10. Cube Properties", "10. Cube Properties\10. Cube Properties.csproj", "{F2D73DAB-F14E-44AF-B342-7A5D594D6E3B}"
EndProject
Project("{FAE04EC0-301F-11D3-BF4B-00C04F79EFBC}") = "11. Geometry Calculator", "11. Geometry Calculator\11. Geometry Calculator.csproj", "{B553FD43-D4C3-4C0C-8D25-7215B70138F6}"
EndProject
Project("{FAE04EC0-301F-11D3-BF4B-00C04F79EFBC}") = "12. Master Number", "12. Master Number\12. Master Number.csproj", "{1E4C23CE-99A0-471B-94C6-DC31F0217605}"
EndProject
Global
	GlobalSection(SolutionConfigurationPlatforms) = preSolution
		Debug|Any CPU = Debug|Any CPU
		Release|Any CPU = Release|Any CPU
	EndGlobalSection
	GlobalSection(ProjectConfigurationPlatforms) = postSolution
		{C6F56A8A-C3EF-499E-B3CA-C41947CE5587}.Debug|Any CPU.ActiveCfg = Debug|Any CPU
		{C6F56A8A-C3EF-499E-B3CA-C41947CE5587}.Debug|Any CPU.Build.0 = Debug|Any CPU
		{C6F56A8A-C3EF-499E-B3CA-C41947CE5587}.Release|Any CPU.ActiveCfg = Release|Any CPU
		{C6F56A8A-C3EF-499E-B3CA-C41947CE5587}.Release|Any CPU.Build.0 = Release|Any CPU
		{EE1C012E-E1A1-4B99-B7C2-F6789B79909E}.Debug|Any CPU.ActiveCfg = Debug|Any CPU
		{EE1C012E-E1A1-4B99-B7C2-F6789B79909E}.Debug|Any CPU.Build.0 = Debug|Any CPU
		{EE1C012E-E1A1-4B99-B7C2-F6789B79909E}.Release|Any CPU.ActiveCfg = Release|Any CPU
		{EE1C012E-E1A1-4B99-B7C2-F6789B79909E}.Release|Any CPU.Build.0 = Release|Any CPU
		{12BBE9E0-C68A-4D8B-ABDC-06AFF529B85A}.Debug|Any CPU.ActiveCfg = Debug|Any CPU
		{12BBE9E0-C68A-4D8B-ABDC-06AFF529B85A}.Debug|Any CPU.Build.0 = Debug|Any CPU
		{12BBE9E0-C68A-4D8B-ABDC-06AFF529B85A}.Release|Any CPU.ActiveCfg = Release|Any CPU
		{12BBE9E0-C68A-4D8B-ABDC-06AFF529B85A}.Release|Any CPU.Build.0 = Release|Any CPU
		{55965CF0-2A44-4FA3-8B80-9E247FA5C44B}.Debug|Any CPU.ActiveCfg = Debug|Any CPU
		{55965CF0-2A44-4FA3-8B80-9E247FA5C44B}.Debug|Any CPU.Build.0 = Debug|Any CPU
		{55965CF0-2A44-4FA3-8B80-9E247FA5C44B}.Release|Any CPU.ActiveCfg = Release|Any CPU
		{55965CF0-2A44-4FA3-8B80-9E247FA5C44B}.Release|Any CPU.Build.0 = Release|Any CPU
		{F2D73DAB-F14E-44AF-B342-7A5D594D6E3B}.Debug|Any CPU.ActiveCfg = Debug|Any CPU
		{F2D73DAB-F14E-44AF-B342-7A5D594D6E3B}.Debug|Any CPU.Build.0 = Debug|Any CPU
		{F2D73DAB-F14E-44AF-B342-7A5D594D6E3B}.Release|Any CPU.ActiveCfg = Release|Any CPU
		{F2D73DAB-F14E-44AF-B342-7A5D594D6E3B}.Release|Any CPU.Build.0 = Release|Any CPU
		{B553FD43-D4C3-4C0C-8D25-7215B70138F6}.Debug|Any CPU.ActiveCfg = Debug|Any CPU
		{B553FD43-D4C3-4C0C-8D25-7215B70138F6}.Debug|Any CPU.Build.0 = Debug|Any CPU
		{B553FD43-D4C3-4C0C-8D25-7215B70138F6}.Release|Any CPU.ActiveCfg = Release|Any CPU
		{B553FD43-D4C3-4C0C-8D25-7215B70138F6}.Release|Any CPU.Build.0 = Release|Any CPU
		{1E4C23CE-99A0-471B-94C6-DC31F0217605}.Debug|Any CPU.ActiveCfg = Debug|Any CPU
		{1E4C23CE-99A0-471B-94C6-DC31F0217605}.Debug|Any CPU.Build.0 = Debug|Any CPU
		{1E4C23CE-99A0-471B-94C6-DC31F0217605}.Release|Any CPU.ActiveCfg = Release|Any CPU
		{1E4C23CE-99A0-471B-94C6-DC31F0217605}.Release|Any CPU.Build.0 = Release|Any CPU
	EndGlobalSection
	GlobalSection(SolutionProperties) = preSolution
		HideSolutionNode = FALSE
	EndGlobalSection
EndGlobal
